// !$*UTF8*$!
{
	archiveVersion = 1;
	classes = {
	};
	objectVersion = 56;
	objects = {

/* Begin PBXBuildFile section */
		7E273B462C7D92C900FC3BF0 /* ProfileView.swift in Sources */ = {isa = PBXBuildFile; fileRef = 7E273B452C7D92C900FC3BF0 /* ProfileView.swift */; };
		7E273B482C7D9A3300FC3BF0 /* TaskModel.swift in Sources */ = {isa = PBXBuildFile; fileRef = 7E273B472C7D9A3300FC3BF0 /* TaskModel.swift */; };
		7E273B4A2C7E119B00FC3BF0 /* TaskViewModel.swift in Sources */ = {isa = PBXBuildFile; fileRef = 7E273B492C7E119B00FC3BF0 /* TaskViewModel.swift */; };
		7E273B4D2C7E39B400FC3BF0 /* backgroundGradientColor.swift in Sources */ = {isa = PBXBuildFile; fileRef = 7E273B4C2C7E39B400FC3BF0 /* backgroundGradientColor.swift */; };
		7E273B4F2C8073C600FC3BF0 /* SignUpView.swift in Sources */ = {isa = PBXBuildFile; fileRef = 7E273B4E2C8073C600FC3BF0 /* SignUpView.swift */; };
		7E273B512C8073DC00FC3BF0 /* LogInView.swift in Sources */ = {isa = PBXBuildFile; fileRef = 7E273B502C8073DC00FC3BF0 /* LogInView.swift */; };
		7E273B532C80974000FC3BF0 /* InitialSplashView.swift in Sources */ = {isa = PBXBuildFile; fileRef = 7E273B522C80974000FC3BF0 /* InitialSplashView.swift */; };
		7E5A347B2C7C927700192947 /* TaskFlowApp.swift in Sources */ = {isa = PBXBuildFile; fileRef = 7E5A347A2C7C927700192947 /* TaskFlowApp.swift */; };
		7E5A347D2C7C927700192947 /* ContentView.swift in Sources */ = {isa = PBXBuildFile; fileRef = 7E5A347C2C7C927700192947 /* ContentView.swift */; };
		7E5A347F2C7C927900192947 /* Assets.xcassets in Resources */ = {isa = PBXBuildFile; fileRef = 7E5A347E2C7C927900192947 /* Assets.xcassets */; };
		7E5A34822C7C927900192947 /* Preview Assets.xcassets in Resources */ = {isa = PBXBuildFile; fileRef = 7E5A34812C7C927900192947 /* Preview Assets.xcassets */; };
		7E5A348C2C7C930200192947 /* HomeView.swift in Sources */ = {isa = PBXBuildFile; fileRef = 7E5A348B2C7C930200192947 /* HomeView.swift */; };
		7E5A348E2C7C998E00192947 /* TabBarView.swift in Sources */ = {isa = PBXBuildFile; fileRef = 7E5A348D2C7C998D00192947 /* TabBarView.swift */; };
		7E5A34902C7CA69900192947 /* DetailedTaskView.swift in Sources */ = {isa = PBXBuildFile; fileRef = 7E5A348F2C7CA69900192947 /* DetailedTaskView.swift */; };
		7E5A34922C7CB25800192947 /* AddTaskView.swift in Sources */ = {isa = PBXBuildFile; fileRef = 7E5A34912C7CB25800192947 /* AddTaskView.swift */; };
		7E5A34942C7CB29100192947 /* AllTaskView.swift in Sources */ = {isa = PBXBuildFile; fileRef = 7E5A34932C7CB29100192947 /* AllTaskView.swift */; };
		7EDA07F32C8205BF000585DF /* UserViewModel.swift in Sources */ = {isa = PBXBuildFile; fileRef = 7EDA07F22C8205BF000585DF /* UserViewModel.swift */; };
		7EDA07F52C82077A000585DF /* UserModel.swift in Sources */ = {isa = PBXBuildFile; fileRef = 7EDA07F42C82077A000585DF /* UserModel.swift */; };
/* End PBXBuildFile section */

/* Begin PBXFileReference section */
		7E273B452C7D92C900FC3BF0 /* ProfileView.swift */ = {isa = PBXFileReference; lastKnownFileType = sourcecode.swift; path = ProfileView.swift; sourceTree = "<group>"; };
		7E273B472C7D9A3300FC3BF0 /* TaskModel.swift */ = {isa = PBXFileReference; lastKnownFileType = sourcecode.swift; path = TaskModel.swift; sourceTree = "<group>"; };
		7E273B492C7E119B00FC3BF0 /* TaskViewModel.swift */ = {isa = PBXFileReference; lastKnownFileType = sourcecode.swift; path = TaskViewModel.swift; sourceTree = "<group>"; };
		7E273B4C2C7E39B400FC3BF0 /* backgroundGradientColor.swift */ = {isa = PBXFileReference; lastKnownFileType = sourcecode.swift; path = backgroundGradientColor.swift; sourceTree = "<group>"; };
		7E273B4E2C8073C600FC3BF0 /* SignUpView.swift */ = {isa = PBXFileReference; lastKnownFileType = sourcecode.swift; path = SignUpView.swift; sourceTree = "<group>"; };
		7E273B502C8073DC00FC3BF0 /* LogInView.swift */ = {isa = PBXFileReference; lastKnownFileType = sourcecode.swift; path = LogInView.swift; sourceTree = "<group>"; };
		7E273B522C80974000FC3BF0 /* InitialSplashView.swift */ = {isa = PBXFileReference; lastKnownFileType = sourcecode.swift; path = InitialSplashView.swift; sourceTree = "<group>"; };
		7E5A34772C7C927700192947 /* TaskFlow.app */ = {isa = PBXFileReference; explicitFileType = wrapper.application; includeInIndex = 0; path = TaskFlow.app; sourceTree = BUILT_PRODUCTS_DIR; };
		7E5A347A2C7C927700192947 /* TaskFlowApp.swift */ = {isa = PBXFileReference; lastKnownFileType = sourcecode.swift; path = TaskFlowApp.swift; sourceTree = "<group>"; };
		7E5A347C2C7C927700192947 /* ContentView.swift */ = {isa = PBXFileReference; lastKnownFileType = sourcecode.swift; path = ContentView.swift; sourceTree = "<group>"; };
		7E5A347E2C7C927900192947 /* Assets.xcassets */ = {isa = PBXFileReference; lastKnownFileType = folder.assetcatalog; path = Assets.xcassets; sourceTree = "<group>"; };
		7E5A34812C7C927900192947 /* Preview Assets.xcassets */ = {isa = PBXFileReference; lastKnownFileType = folder.assetcatalog; path = "Preview Assets.xcassets"; sourceTree = "<group>"; };
		7E5A348B2C7C930200192947 /* HomeView.swift */ = {isa = PBXFileReference; lastKnownFileType = sourcecode.swift; path = HomeView.swift; sourceTree = "<group>"; };
		7E5A348D2C7C998D00192947 /* TabBarView.swift */ = {isa = PBXFileReference; lastKnownFileType = sourcecode.swift; path = TabBarView.swift; sourceTree = "<group>"; };
		7E5A348F2C7CA69900192947 /* DetailedTaskView.swift */ = {isa = PBXFileReference; lastKnownFileType = sourcecode.swift; path = DetailedTaskView.swift; sourceTree = "<group>"; };
		7E5A34912C7CB25800192947 /* AddTaskView.swift */ = {isa = PBXFileReference; lastKnownFileType = sourcecode.swift; path = AddTaskView.swift; sourceTree = "<group>"; };
		7E5A34932C7CB29100192947 /* AllTaskView.swift */ = {isa = PBXFileReference; lastKnownFileType = sourcecode.swift; path = AllTaskView.swift; sourceTree = "<group>"; };
		7EDA07F22C8205BF000585DF /* UserViewModel.swift */ = {isa = PBXFileReference; lastKnownFileType = sourcecode.swift; path = UserViewModel.swift; sourceTree = "<group>"; };
		7EDA07F42C82077A000585DF /* UserModel.swift */ = {isa = PBXFileReference; lastKnownFileType = sourcecode.swift; path = UserModel.swift; sourceTree = "<group>"; };
/* End PBXFileReference section */

/* Begin PBXFrameworksBuildPhase section */
		7E5A34742C7C927700192947 /* Frameworks */ = {
			isa = PBXFrameworksBuildPhase;
			buildActionMask = 2147483647;
			files = (
			);
			runOnlyForDeploymentPostprocessing = 0;
		};
/* End PBXFrameworksBuildPhase section */

/* Begin PBXGroup section */
		7E273B4B2C7E399300FC3BF0 /* Helpers */ = {
			isa = PBXGroup;
			children = (
				7E273B4C2C7E39B400FC3BF0 /* backgroundGradientColor.swift */,
			);
			path = Helpers;
			sourceTree = "<group>";
		};
		7E5A346E2C7C927700192947 = {
			isa = PBXGroup;
			children = (
				7E5A34792C7C927700192947 /* TaskFlow */,
				7E5A34782C7C927700192947 /* Products */,
			);
			sourceTree = "<group>";
		};
		7E5A34782C7C927700192947 /* Products */ = {
			isa = PBXGroup;
			children = (
				7E5A34772C7C927700192947 /* TaskFlow.app */,
			);
			name = Products;
			sourceTree = "<group>";
		};
		7E5A34792C7C927700192947 /* TaskFlow */ = {
			isa = PBXGroup;
			children = (
				7E5A347A2C7C927700192947 /* TaskFlowApp.swift */,
				7E5A347C2C7C927700192947 /* ContentView.swift */,
				7E273B4B2C7E399300FC3BF0 /* Helpers */,
				7E5A34882C7C92A800192947 /* Models */,
				7E5A34892C7C92B000192947 /* Views */,
				7E5A348A2C7C92CF00192947 /* ViewModels */,
				7E5A347E2C7C927900192947 /* Assets.xcassets */,
				7E5A34802C7C927900192947 /* Preview Content */,
			);
			path = TaskFlow;
			sourceTree = "<group>";
		};
		7E5A34802C7C927900192947 /* Preview Content */ = {
			isa = PBXGroup;
			children = (
				7E5A34812C7C927900192947 /* Preview Assets.xcassets */,
			);
			path = "Preview Content";
			sourceTree = "<group>";
		};
		7E5A34882C7C92A800192947 /* Models */ = {
			isa = PBXGroup;
			children = (
				7E273B472C7D9A3300FC3BF0 /* TaskModel.swift */,
				7EDA07F42C82077A000585DF /* UserModel.swift */,
			);
			path = Models;
			sourceTree = "<group>";
		};
		7E5A34892C7C92B000192947 /* Views */ = {
			isa = PBXGroup;
			children = (
				7E5A348B2C7C930200192947 /* HomeView.swift */,
				7E5A34932C7CB29100192947 /* AllTaskView.swift */,
				7E5A34912C7CB25800192947 /* AddTaskView.swift */,
				7E5A348F2C7CA69900192947 /* DetailedTaskView.swift */,
				7E5A348D2C7C998D00192947 /* TabBarView.swift */,
				7E273B452C7D92C900FC3BF0 /* ProfileView.swift */,
				7E273B4E2C8073C600FC3BF0 /* SignUpView.swift */,
				7E273B502C8073DC00FC3BF0 /* LogInView.swift */,
				7E273B522C80974000FC3BF0 /* InitialSplashView.swift */,
			);
			path = Views;
			sourceTree = "<group>";
		};
		7E5A348A2C7C92CF00192947 /* ViewModels */ = {
			isa = PBXGroup;
			children = (
				7E273B492C7E119B00FC3BF0 /* TaskViewModel.swift */,
				7EDA07F22C8205BF000585DF /* UserViewModel.swift */,
			);
			path = ViewModels;
			sourceTree = "<group>";
		};
/* End PBXGroup section */

/* Begin PBXNativeTarget section */
		7E5A34762C7C927700192947 /* TaskFlow */ = {
			isa = PBXNativeTarget;
			buildConfigurationList = 7E5A34852C7C927900192947 /* Build configuration list for PBXNativeTarget "TaskFlow" */;
			buildPhases = (
				7E5A34732C7C927700192947 /* Sources */,
				7E5A34742C7C927700192947 /* Frameworks */,
				7E5A34752C7C927700192947 /* Resources */,
			);
			buildRules = (
			);
			dependencies = (
			);
			name = TaskFlow;
			productName = TaskFlow;
			productReference = 7E5A34772C7C927700192947 /* TaskFlow.app */;
			productType = "com.apple.product-type.application";
		};
/* End PBXNativeTarget section */

/* Begin PBXProject section */
		7E5A346F2C7C927700192947 /* Project object */ = {
			isa = PBXProject;
			attributes = {
				BuildIndependentTargetsInParallel = 1;
				LastSwiftUpdateCheck = 1540;
				LastUpgradeCheck = 1540;
				TargetAttributes = {
					7E5A34762C7C927700192947 = {
						CreatedOnToolsVersion = 15.4;
					};
				};
			};
			buildConfigurationList = 7E5A34722C7C927700192947 /* Build configuration list for PBXProject "TaskFlow" */;
			compatibilityVersion = "Xcode 14.0";
			developmentRegion = en;
			hasScannedForEncodings = 0;
			knownRegions = (
				en,
				Base,
			);
			mainGroup = 7E5A346E2C7C927700192947;
			productRefGroup = 7E5A34782C7C927700192947 /* Products */;
			projectDirPath = "";
			projectRoot = "";
			targets = (
				7E5A34762C7C927700192947 /* TaskFlow */,
			);
		};
/* End PBXProject section */

/* Begin PBXResourcesBuildPhase section */
		7E5A34752C7C927700192947 /* Resources */ = {
			isa = PBXResourcesBuildPhase;
			buildActionMask = 2147483647;
			files = (
				7E5A34822C7C927900192947 /* Preview Assets.xcassets in Resources */,
				7E5A347F2C7C927900192947 /* Assets.xcassets in Resources */,
			);
			runOnlyForDeploymentPostprocessing = 0;
		};
/* End PBXResourcesBuildPhase section */

/* Begin PBXSourcesBuildPhase section */
		7E5A34732C7C927700192947 /* Sources */ = {
			isa = PBXSourcesBuildPhase;
			buildActionMask = 2147483647;
			files = (
				7E273B462C7D92C900FC3BF0 /* ProfileView.swift in Sources */,
				7E5A34942C7CB29100192947 /* AllTaskView.swift in Sources */,
				7E5A348C2C7C930200192947 /* HomeView.swift in Sources */,
				7E273B4A2C7E119B00FC3BF0 /* TaskViewModel.swift in Sources */,
				7E273B4F2C8073C600FC3BF0 /* SignUpView.swift in Sources */,
				7E273B482C7D9A3300FC3BF0 /* TaskModel.swift in Sources */,
				7E273B532C80974000FC3BF0 /* InitialSplashView.swift in Sources */,
				7E273B4D2C7E39B400FC3BF0 /* backgroundGradientColor.swift in Sources */,
				7E5A347D2C7C927700192947 /* ContentView.swift in Sources */,
				7E5A348E2C7C998E00192947 /* TabBarView.swift in Sources */,
				7EDA07F52C82077A000585DF /* UserModel.swift in Sources */,
				7E5A34922C7CB25800192947 /* AddTaskView.swift in Sources */,
				7E5A347B2C7C927700192947 /* TaskFlowApp.swift in Sources */,
				7E5A34902C7CA69900192947 /* DetailedTaskView.swift in Sources */,
				7EDA07F32C8205BF000585DF /* UserViewModel.swift in Sources */,
				7E273B512C8073DC00FC3BF0 /* LogInView.swift in Sources */,
			);
			runOnlyForDeploymentPostprocessing = 0;
		};
/* End PBXSourcesBuildPhase section */

/* Begin XCBuildConfiguration section */
		7E5A34832C7C927900192947 /* Debug */ = {
			isa = XCBuildConfiguration;
			buildSettings = {
				ALWAYS_SEARCH_USER_PATHS = NO;
				ASSETCATALOG_COMPILER_GENERATE_SWIFT_ASSET_SYMBOL_EXTENSIONS = YES;
				CLANG_ANALYZER_NONNULL = YES;
				CLANG_ANALYZER_NUMBER_OBJECT_CONVERSION = YES_AGGRESSIVE;
				CLANG_CXX_LANGUAGE_STANDARD = "gnu++20";
				CLANG_ENABLE_MODULES = YES;
				CLANG_ENABLE_OBJC_ARC = YES;
				CLANG_ENABLE_OBJC_WEAK = YES;
				CLANG_WARN_BLOCK_CAPTURE_AUTORELEASING = YES;
				CLANG_WARN_BOOL_CONVERSION = YES;
				CLANG_WARN_COMMA = YES;
				CLANG_WARN_CONSTANT_CONVERSION = YES;
				CLANG_WARN_DEPRECATED_OBJC_IMPLEMENTATIONS = YES;
				CLANG_WARN_DIRECT_OBJC_ISA_USAGE = YES_ERROR;
				CLANG_WARN_DOCUMENTATION_COMMENTS = YES;
				CLANG_WARN_EMPTY_BODY = YES;
				CLANG_WARN_ENUM_CONVERSION = YES;
				CLANG_WARN_INFINITE_RECURSION = YES;
				CLANG_WARN_INT_CONVERSION = YES;
				CLANG_WARN_NON_LITERAL_NULL_CONVERSION = YES;
				CLANG_WARN_OBJC_IMPLICIT_RETAIN_SELF = YES;
				CLANG_WARN_OBJC_LITERAL_CONVERSION = YES;
				CLANG_WARN_OBJC_ROOT_CLASS = YES_ERROR;
				CLANG_WARN_QUOTED_INCLUDE_IN_FRAMEWORK_HEADER = YES;
				CLANG_WARN_RANGE_LOOP_ANALYSIS = YES;
				CLANG_WARN_STRICT_PROTOTYPES = YES;
				CLANG_WARN_SUSPICIOUS_MOVE = YES;
				CLANG_WARN_UNGUARDED_AVAILABILITY = YES_AGGRESSIVE;
				CLANG_WARN_UNREACHABLE_CODE = YES;
				CLANG_WARN__DUPLICATE_METHOD_MATCH = YES;
				COPY_PHASE_STRIP = NO;
				DEBUG_INFORMATION_FORMAT = dwarf;
				ENABLE_STRICT_OBJC_MSGSEND = YES;
				ENABLE_TESTABILITY = YES;
				ENABLE_USER_SCRIPT_SANDBOXING = YES;
				GCC_C_LANGUAGE_STANDARD = gnu17;
				GCC_DYNAMIC_NO_PIC = NO;
				GCC_NO_COMMON_BLOCKS = YES;
				GCC_OPTIMIZATION_LEVEL = 0;
				GCC_PREPROCESSOR_DEFINITIONS = (
					"DEBUG=1",
					"$(inherited)",
				);
				GCC_WARN_64_TO_32_BIT_CONVERSION = YES;
				GCC_WARN_ABOUT_RETURN_TYPE = YES_ERROR;
				GCC_WARN_UNDECLARED_SELECTOR = YES;
				GCC_WARN_UNINITIALIZED_AUTOS = YES_AGGRESSIVE;
				GCC_WARN_UNUSED_FUNCTION = YES;
				GCC_WARN_UNUSED_VARIABLE = YES;
				IPHONEOS_DEPLOYMENT_TARGET = 17.5;
				LOCALIZATION_PREFERS_STRING_CATALOGS = YES;
				MTL_ENABLE_DEBUG_INFO = INCLUDE_SOURCE;
				MTL_FAST_MATH = YES;
				ONLY_ACTIVE_ARCH = YES;
				SDKROOT = iphoneos;
				SWIFT_ACTIVE_COMPILATION_CONDITIONS = "DEBUG $(inherited)";
				SWIFT_OPTIMIZATION_LEVEL = "-Onone";
			};
			name = Debug;
		};
		7E5A34842C7C927900192947 /* Release */ = {
			isa = XCBuildConfiguration;
			buildSettings = {
				ALWAYS_SEARCH_USER_PATHS = NO;
				ASSETCATALOG_COMPILER_GENERATE_SWIFT_ASSET_SYMBOL_EXTENSIONS = YES;
				CLANG_ANALYZER_NONNULL = YES;
				CLANG_ANALYZER_NUMBER_OBJECT_CONVERSION = YES_AGGRESSIVE;
				CLANG_CXX_LANGUAGE_STANDARD = "gnu++20";
				CLANG_ENABLE_MODULES = YES;
				CLANG_ENABLE_OBJC_ARC = YES;
				CLANG_ENABLE_OBJC_WEAK = YES;
				CLANG_WARN_BLOCK_CAPTURE_AUTORELEASING = YES;
				CLANG_WARN_BOOL_CONVERSION = YES;
				CLANG_WARN_COMMA = YES;
				CLANG_WARN_CONSTANT_CONVERSION = YES;
				CLANG_WARN_DEPRECATED_OBJC_IMPLEMENTATIONS = YES;
				CLANG_WARN_DIRECT_OBJC_ISA_USAGE = YES_ERROR;
				CLANG_WARN_DOCUMENTATION_COMMENTS = YES;
				CLANG_WARN_EMPTY_BODY = YES;
				CLANG_WARN_ENUM_CONVERSION = YES;
				CLANG_WARN_INFINITE_RECURSION = YES;
				CLANG_WARN_INT_CONVERSION = YES;
				CLANG_WARN_NON_LITERAL_NULL_CONVERSION = YES;
				CLANG_WARN_OBJC_IMPLICIT_RETAIN_SELF = YES;
				CLANG_WARN_OBJC_LITERAL_CONVERSION = YES;
				CLANG_WARN_OBJC_ROOT_CLASS = YES_ERROR;
				CLANG_WARN_QUOTED_INCLUDE_IN_FRAMEWORK_HEADER = YES;
				CLANG_WARN_RANGE_LOOP_ANALYSIS = YES;
				CLANG_WARN_STRICT_PROTOTYPES = YES;
				CLANG_WARN_SUSPICIOUS_MOVE = YES;
				CLANG_WARN_UNGUARDED_AVAILABILITY = YES_AGGRESSIVE;
				CLANG_WARN_UNREACHABLE_CODE = YES;
				CLANG_WARN__DUPLICATE_METHOD_MATCH = YES;
				COPY_PHASE_STRIP = NO;
				DEBUG_INFORMATION_FORMAT = "dwarf-with-dsym";
				ENABLE_NS_ASSERTIONS = NO;
				ENABLE_STRICT_OBJC_MSGSEND = YES;
				ENABLE_USER_SCRIPT_SANDBOXING = YES;
				GCC_C_LANGUAGE_STANDARD = gnu17;
				GCC_NO_COMMON_BLOCKS = YES;
				GCC_WARN_64_TO_32_BIT_CONVERSION = YES;
				GCC_WARN_ABOUT_RETURN_TYPE = YES_ERROR;
				GCC_WARN_UNDECLARED_SELECTOR = YES;
				GCC_WARN_UNINITIALIZED_AUTOS = YES_AGGRESSIVE;
				GCC_WARN_UNUSED_FUNCTION = YES;
				GCC_WARN_UNUSED_VARIABLE = YES;
				IPHONEOS_DEPLOYMENT_TARGET = 17.5;
				LOCALIZATION_PREFERS_STRING_CATALOGS = YES;
				MTL_ENABLE_DEBUG_INFO = NO;
				MTL_FAST_MATH = YES;
				SDKROOT = iphoneos;
				SWIFT_COMPILATION_MODE = wholemodule;
				VALIDATE_PRODUCT = YES;
			};
			name = Release;
		};
		7E5A34862C7C927900192947 /* Debug */ = {
			isa = XCBuildConfiguration;
			buildSettings = {
				ASSETCATALOG_COMPILER_APPICON_NAME = AppIcon;
				ASSETCATALOG_COMPILER_GLOBAL_ACCENT_COLOR_NAME = AccentColor;
				CODE_SIGN_STYLE = Automatic;
				CURRENT_PROJECT_VERSION = 1;
				DEVELOPMENT_ASSET_PATHS = "\"TaskFlow/Preview Content\"";
				DEVELOPMENT_TEAM = QUM623UT8W;
				ENABLE_PREVIEWS = YES;
				GENERATE_INFOPLIST_FILE = YES;
				INFOPLIST_KEY_UIApplicationSceneManifest_Generation = YES;
				INFOPLIST_KEY_UIApplicationSupportsIndirectInputEvents = YES;
				INFOPLIST_KEY_UILaunchScreen_Generation = YES;
				INFOPLIST_KEY_UISupportedInterfaceOrientations_iPad = "UIInterfaceOrientationPortrait UIInterfaceOrientationPortraitUpsideDown UIInterfaceOrientationLandscapeLeft UIInterfaceOrientationLandscapeRight";
				INFOPLIST_KEY_UISupportedInterfaceOrientations_iPhone = "UIInterfaceOrientationPortrait UIInterfaceOrientationLandscapeLeft UIInterfaceOrientationLandscapeRight";
				LD_RUNPATH_SEARCH_PATHS = (
					"$(inherited)",
					"@executable_path/Frameworks",
				);
				MARKETING_VERSION = 1.0;
				PRODUCT_BUNDLE_IDENTIFIER = com.asitkumar.TaskFlow;
				PRODUCT_NAME = "$(TARGET_NAME)";
				SWIFT_EMIT_LOC_STRINGS = YES;
				SWIFT_VERSION = 5.0;
				TARGETED_DEVICE_FAMILY = "1,2";
			};
			name = Debug;
		};
		7E5A34872C7C927900192947 /* Release */ = {
			isa = XCBuildConfiguration;
			buildSettings = {
				ASSETCATALOG_COMPILER_APPICON_NAME = AppIcon;
				ASSETCATALOG_COMPILER_GLOBAL_ACCENT_COLOR_NAME = AccentColor;
				CODE_SIGN_STYLE = Automatic;
				CURRENT_PROJECT_VERSION = 1;
				DEVELOPMENT_ASSET_PATHS = "\"TaskFlow/Preview Content\"";
				DEVELOPMENT_TEAM = QUM623UT8W;
				ENABLE_PREVIEWS = YES;
				GENERATE_INFOPLIST_FILE = YES;
				INFOPLIST_KEY_UIApplicationSceneManifest_Generation = YES;
				INFOPLIST_KEY_UIApplicationSupportsIndirectInputEvents = YES;
				INFOPLIST_KEY_UILaunchScreen_Generation = YES;
				INFOPLIST_KEY_UISupportedInterfaceOrientations_iPad = "UIInterfaceOrientationPortrait UIInterfaceOrientationPortraitUpsideDown UIInterfaceOrientationLandscapeLeft UIInterfaceOrientationLandscapeRight";
				INFOPLIST_KEY_UISupportedInterfaceOrientations_iPhone = "UIInterfaceOrientationPortrait UIInterfaceOrientationLandscapeLeft UIInterfaceOrientationLandscapeRight";
				LD_RUNPATH_SEARCH_PATHS = (
					"$(inherited)",
					"@executable_path/Frameworks",
				);
				MARKETING_VERSION = 1.0;
				PRODUCT_BUNDLE_IDENTIFIER = com.asitkumar.TaskFlow;
				PRODUCT_NAME = "$(TARGET_NAME)";
				SWIFT_EMIT_LOC_STRINGS = YES;
				SWIFT_VERSION = 5.0;
				TARGETED_DEVICE_FAMILY = "1,2";
			};
			name = Release;
		};
/* End XCBuildConfiguration section */

/* Begin XCConfigurationList section */
		7E5A34722C7C927700192947 /* Build configuration list for PBXProject "TaskFlow" */ = {
			isa = XCConfigurationList;
			buildConfigurations = (
				7E5A34832C7C927900192947 /* Debug */,
				7E5A34842C7C927900192947 /* Release */,
			);
			defaultConfigurationIsVisible = 0;
			defaultConfigurationName = Release;
		};
		7E5A34852C7C927900192947 /* Build configuration list for PBXNativeTarget "TaskFlow" */ = {
			isa = XCConfigurationList;
			buildConfigurations = (
				7E5A34862C7C927900192947 /* Debug */,
				7E5A34872C7C927900192947 /* Release */,
			);
			defaultConfigurationIsVisible = 0;
			defaultConfigurationName = Release;
		};
/* End XCConfigurationList section */
	};
	rootObject = 7E5A346F2C7C927700192947 /* Project object */;
}
